Microsoft Visual Studio Solution File, Format Version 12.00
# Visual Studio 15
VisualStudioVersion = 15.0.28010.2016
MinimumVisualStudioVersion = 10.0.40219.1
Project("{F184B08F-C81C-45F6-A57F-5ABD9991F28F}") = "S131978", "S131978\S131978.vbproj", "{C8792AF2-77C3-47A7-B10F-30E64777520E}"
EndProject
Global
	GlobalSection(SolutionConfigurationPlatforms) = preSolution
		Debug|Any CPU = Debug|Any CPU
		Release|Any CPU = Release|Any CPU
	EndGlobalSection
	GlobalSection(ProjectConfigurationPlatforms) = postSolution
		{C8792AF2-77C3-47A7-B10F-30E64777520E}.Debug|Any CPU.ActiveCfg = Debug|Any CPU
		{C8792AF2-77C3-47A7-B10F-30E64777520E}.Debug|Any CPU.Build.0 = Debug|Any CPU
		{C8792AF2-77C3-47A7-B10F-30E64777520E}.Release|Any CPU.ActiveCfg = Release|Any CPU
		{C8792AF2-77C3-47A7-B10F-30E64777520E}.Release|Any CPU.Build.0 = Release|Any CPU
	EndGlobalSection
	GlobalSection(SolutionProperties) = preSolution
		HideSolutionNode = FALSE
	EndGlobalSection
	GlobalSection(ExtensibilityGlobals) = postSolution
		SolutionGuid = {03A121A4-61FB-4BF5-A9A3-13D95A098DB4}
	EndGlobalSection
EndGlobal
